// !$*UTF8*$!
{
	archiveVersion = 1;
	classes = {
	};
	objectVersion = 56;
	objects = {

/* Begin PBXBuildFile section */
		33434AF92C1A95FF00BF5BBC /* PokeAPI.swift in Sources */ = {isa = PBXBuildFile; fileRef = 33434AF72C1A95FF00BF5BBC /* PokeAPI.swift */; };
		33434AFC2C1A960800BF5BBC /* helpers.swift in Sources */ = {isa = PBXBuildFile; fileRef = 33434AFA2C1A960800BF5BBC /* helpers.swift */; };
		33434B012C1A961900BF5BBC /* ContentView.swift in Sources */ = {isa = PBXBuildFile; fileRef = 33434AFD2C1A961900BF5BBC /* ContentView.swift */; };
		33434B022C1A961900BF5BBC /* PokemonDetailView.swift in Sources */ = {isa = PBXBuildFile; fileRef = 33434AFE2C1A961900BF5BBC /* PokemonDetailView.swift */; };
		33434B032C1A961900BF5BBC /* PokemonRow.swift in Sources */ = {isa = PBXBuildFile; fileRef = 33434AFF2C1A961900BF5BBC /* PokemonRow.swift */; };
		33434B052C1B72ED00BF5BBC /* PokedexList.swift in Sources */ = {isa = PBXBuildFile; fileRef = 33434B042C1B72ED00BF5BBC /* PokedexList.swift */; };
		33434B0B2C1BACB800BF5BBC /* PokemonDetails.swift in Sources */ = {isa = PBXBuildFile; fileRef = 33434B0A2C1BACB800BF5BBC /* PokemonDetails.swift */; };
		33434B0D2C1BACBE00BF5BBC /* PokemonStats.swift in Sources */ = {isa = PBXBuildFile; fileRef = 33434B0C2C1BACBE00BF5BBC /* PokemonStats.swift */; };
		337C755B2C179464005EF190 /* PokedexApp.swift in Sources */ = {isa = PBXBuildFile; fileRef = 337C755A2C179464005EF190 /* PokedexApp.swift */; };
		337C755F2C179465005EF190 /* Assets.xcassets in Resources */ = {isa = PBXBuildFile; fileRef = 337C755E2C179465005EF190 /* Assets.xcassets */; };
		337C75622C179465005EF190 /* Preview Assets.xcassets in Resources */ = {isa = PBXBuildFile; fileRef = 337C75612C179465005EF190 /* Preview Assets.xcassets */; };
		337C756C2C179465005EF190 /* PokedexTests.swift in Sources */ = {isa = PBXBuildFile; fileRef = 337C756B2C179465005EF190 /* PokedexTests.swift */; };
		337C75762C179465005EF190 /* PokedexUITests.swift in Sources */ = {isa = PBXBuildFile; fileRef = 337C75752C179465005EF190 /* PokedexUITests.swift */; };
		337C75782C179465005EF190 /* PokedexUITestsLaunchTests.swift in Sources */ = {isa = PBXBuildFile; fileRef = 337C75772C179465005EF190 /* PokedexUITestsLaunchTests.swift */; };
/* End PBXBuildFile section */

/* Begin PBXContainerItemProxy section */
		337C75682C179465005EF190 /* PBXContainerItemProxy */ = {
			isa = PBXContainerItemProxy;
			containerPortal = 337C754F2C179464005EF190 /* Project object */;
			proxyType = 1;
			remoteGlobalIDString = 337C75562C179464005EF190;
			remoteInfo = Pokedex;
		};
		337C75722C179465005EF190 /* PBXContainerItemProxy */ = {
			isa = PBXContainerItemProxy;
			containerPortal = 337C754F2C179464005EF190 /* Project object */;
			proxyType = 1;
			remoteGlobalIDString = 337C75562C179464005EF190;
			remoteInfo = Pokedex;
		};
/* End PBXContainerItemProxy section */

/* Begin PBXFileReference section */
		33434AF72C1A95FF00BF5BBC /* PokeAPI.swift */ = {isa = PBXFileReference; fileEncoding = 4; lastKnownFileType = sourcecode.swift; path = PokeAPI.swift; sourceTree = "<group>"; };
		33434AFA2C1A960800BF5BBC /* helpers.swift */ = {isa = PBXFileReference; fileEncoding = 4; lastKnownFileType = sourcecode.swift; path = helpers.swift; sourceTree = "<group>"; };
		33434AFD2C1A961900BF5BBC /* ContentView.swift */ = {isa = PBXFileReference; fileEncoding = 4; lastKnownFileType = sourcecode.swift; path = ContentView.swift; sourceTree = "<group>"; };
		33434AFE2C1A961900BF5BBC /* PokemonDetailView.swift */ = {isa = PBXFileReference; fileEncoding = 4; lastKnownFileType = sourcecode.swift; path = PokemonDetailView.swift; sourceTree = "<group>"; };
		33434AFF2C1A961900BF5BBC /* PokemonRow.swift */ = {isa = PBXFileReference; fileEncoding = 4; lastKnownFileType = sourcecode.swift; path = PokemonRow.swift; sourceTree = "<group>"; };
		33434B042C1B72ED00BF5BBC /* PokedexList.swift */ = {isa = PBXFileReference; lastKnownFileType = sourcecode.swift; path = PokedexList.swift; sourceTree = "<group>"; };
		33434B0A2C1BACB800BF5BBC /* PokemonDetails.swift */ = {isa = PBXFileReference; lastKnownFileType = sourcecode.swift; path = PokemonDetails.swift; sourceTree = "<group>"; };
		33434B0C2C1BACBE00BF5BBC /* PokemonStats.swift */ = {isa = PBXFileReference; lastKnownFileType = sourcecode.swift; path = PokemonStats.swift; sourceTree = "<group>"; };
		337C75572C179464005EF190 /* Pokedex.app */ = {isa = PBXFileReference; explicitFileType = wrapper.application; includeInIndex = 0; path = Pokedex.app; sourceTree = BUILT_PRODUCTS_DIR; };
		337C755A2C179464005EF190 /* PokedexApp.swift */ = {isa = PBXFileReference; lastKnownFileType = sourcecode.swift; path = PokedexApp.swift; sourceTree = "<group>"; };
		337C755E2C179465005EF190 /* Assets.xcassets */ = {isa = PBXFileReference; lastKnownFileType = folder.assetcatalog; path = Assets.xcassets; sourceTree = "<group>"; };
		337C75612C179465005EF190 /* Preview Assets.xcassets */ = {isa = PBXFileReference; lastKnownFileType = folder.assetcatalog; path = "Preview Assets.xcassets"; sourceTree = "<group>"; };
		337C75672C179465005EF190 /* PokedexTests.xctest */ = {isa = PBXFileReference; explicitFileType = wrapper.cfbundle; includeInIndex = 0; path = PokedexTests.xctest; sourceTree = BUILT_PRODUCTS_DIR; };
		337C756B2C179465005EF190 /* PokedexTests.swift */ = {isa = PBXFileReference; lastKnownFileType = sourcecode.swift; path = PokedexTests.swift; sourceTree = "<group>"; };
		337C75712C179465005EF190 /* PokedexUITests.xctest */ = {isa = PBXFileReference; explicitFileType = wrapper.cfbundle; includeInIndex = 0; path = PokedexUITests.xctest; sourceTree = BUILT_PRODUCTS_DIR; };
		337C75752C179465005EF190 /* PokedexUITests.swift */ = {isa = PBXFileReference; lastKnownFileType = sourcecode.swift; path = PokedexUITests.swift; sourceTree = "<group>"; };
		337C75772C179465005EF190 /* PokedexUITestsLaunchTests.swift */ = {isa = PBXFileReference; lastKnownFileType = sourcecode.swift; path = PokedexUITestsLaunchTests.swift; sourceTree = "<group>"; };
/* End PBXFileReference section */

/* Begin PBXFrameworksBuildPhase section */
		337C75542C179464005EF190 /* Frameworks */ = {
			isa = PBXFrameworksBuildPhase;
			buildActionMask = 2147483647;
			files = (
			);
			runOnlyForDeploymentPostprocessing = 0;
		};
		337C75642C179465005EF190 /* Frameworks */ = {
			isa = PBXFrameworksBuildPhase;
			buildActionMask = 2147483647;
			files = (
			);
			runOnlyForDeploymentPostprocessing = 0;
		};
		337C756E2C179465005EF190 /* Frameworks */ = {
			isa = PBXFrameworksBuildPhase;
			buildActionMask = 2147483647;
			files = (
			);
			runOnlyForDeploymentPostprocessing = 0;
		};
/* End PBXFrameworksBuildPhase section */

/* Begin PBXGroup section */
		33434AF82C1A95FF00BF5BBC /* API */ = {
			isa = PBXGroup;
			children = (
				33434AF72C1A95FF00BF5BBC /* PokeAPI.swift */,
				33434B0A2C1BACB800BF5BBC /* PokemonDetails.swift */,
				33434B0C2C1BACBE00BF5BBC /* PokemonStats.swift */,
			);
			path = API;
			sourceTree = "<group>";
		};
		33434AFB2C1A960800BF5BBC /* Helpers */ = {
			isa = PBXGroup;
			children = (
				33434AFA2C1A960800BF5BBC /* helpers.swift */,
			);
			path = Helpers;
			sourceTree = "<group>";
		};
		33434B002C1A961900BF5BBC /* Views */ = {
			isa = PBXGroup;
			children = (
				33434AFD2C1A961900BF5BBC /* ContentView.swift */,
				33434B042C1B72ED00BF5BBC /* PokedexList.swift */,
				33434AFE2C1A961900BF5BBC /* PokemonDetailView.swift */,
				33434AFF2C1A961900BF5BBC /* PokemonRow.swift */,
			);
			path = Views;
			sourceTree = "<group>";
		};
		337C754E2C179464005EF190 = {
			isa = PBXGroup;
			children = (
				337C75592C179464005EF190 /* Pokedex */,
				337C756A2C179465005EF190 /* PokedexTests */,
				337C75742C179465005EF190 /* PokedexUITests */,
				337C75582C179464005EF190 /* Products */,
			);
			sourceTree = "<group>";
		};
		337C75582C179464005EF190 /* Products */ = {
			isa = PBXGroup;
			children = (
				337C75572C179464005EF190 /* Pokedex.app */,
				337C75672C179465005EF190 /* PokedexTests.xctest */,
				337C75712C179465005EF190 /* PokedexUITests.xctest */,
			);
			name = Products;
			sourceTree = "<group>";
		};
		337C75592C179464005EF190 /* Pokedex */ = {
			isa = PBXGroup;
			children = (
				337C755A2C179464005EF190 /* PokedexApp.swift */,
				33434B002C1A961900BF5BBC /* Views */,
				33434AF82C1A95FF00BF5BBC /* API */,
				33434AFB2C1A960800BF5BBC /* Helpers */,
				337C755E2C179465005EF190 /* Assets.xcassets */,
				337C75602C179465005EF190 /* Preview Content */,
			);
			path = Pokedex;
			sourceTree = "<group>";
		};
		337C75602C179465005EF190 /* Preview Content */ = {
			isa = PBXGroup;
			children = (
				337C75612C179465005EF190 /* Preview Assets.xcassets */,
			);
			path = "Preview Content";
			sourceTree = "<group>";
		};
		337C756A2C179465005EF190 /* PokedexTests */ = {
			isa = PBXGroup;
			children = (
				337C756B2C179465005EF190 /* PokedexTests.swift */,
			);
			path = PokedexTests;
			sourceTree = "<group>";
		};
		337C75742C179465005EF190 /* PokedexUITests */ = {
			isa = PBXGroup;
			children = (
				337C75752C179465005EF190 /* PokedexUITests.swift */,
				337C75772C179465005EF190 /* PokedexUITestsLaunchTests.swift */,
			);
			path = PokedexUITests;
			sourceTree = "<group>";
		};
/* End PBXGroup section */

/* Begin PBXNativeTarget section */
		337C75562C179464005EF190 /* Pokedex */ = {
			isa = PBXNativeTarget;
			buildConfigurationList = 337C757B2C179465005EF190 /* Build configuration list for PBXNativeTarget "Pokedex" */;
			buildPhases = (
				337C75532C179464005EF190 /* Sources */,
				337C75542C179464005EF190 /* Frameworks */,
				337C75552C179464005EF190 /* Resources */,
			);
			buildRules = (
			);
			dependencies = (
			);
			name = Pokedex;
			productName = Pokedex;
			productReference = 337C75572C179464005EF190 /* Pokedex.app */;
			productType = "com.apple.product-type.application";
		};
		337C75662C179465005EF190 /* PokedexTests */ = {
			isa = PBXNativeTarget;
			buildConfigurationList = 337C757E2C179465005EF190 /* Build configuration list for PBXNativeTarget "PokedexTests" */;
			buildPhases = (
				337C75632C179465005EF190 /* Sources */,
				337C75642C179465005EF190 /* Frameworks */,
				337C75652C179465005EF190 /* Resources */,
			);
			buildRules = (
			);
			dependencies = (
				337C75692C179465005EF190 /* PBXTargetDependency */,
			);
			name = PokedexTests;
			productName = PokedexTests;
			productReference = 337C75672C179465005EF190 /* PokedexTests.xctest */;
			productType = "com.apple.product-type.bundle.unit-test";
		};
		337C75702C179465005EF190 /* PokedexUITests */ = {
			isa = PBXNativeTarget;
			buildConfigurationList = 337C75812C179465005EF190 /* Build configuration list for PBXNativeTarget "PokedexUITests" */;
			buildPhases = (
				337C756D2C179465005EF190 /* Sources */,
				337C756E2C179465005EF190 /* Frameworks */,
				337C756F2C179465005EF190 /* Resources */,
			);
			buildRules = (
			);
			dependencies = (
				337C75732C179465005EF190 /* PBXTargetDependency */,
			);
			name = PokedexUITests;
			productName = PokedexUITests;
			productReference = 337C75712C179465005EF190 /* PokedexUITests.xctest */;
			productType = "com.apple.product-type.bundle.ui-testing";
		};
/* End PBXNativeTarget section */

/* Begin PBXProject section */
		337C754F2C179464005EF190 /* Project object */ = {
			isa = PBXProject;
			attributes = {
				BuildIndependentTargetsInParallel = 1;
				LastSwiftUpdateCheck = 1540;
				LastUpgradeCheck = 1540;
				TargetAttributes = {
					337C75562C179464005EF190 = {
						CreatedOnToolsVersion = 15.4;
					};
					337C75662C179465005EF190 = {
						CreatedOnToolsVersion = 15.4;
						TestTargetID = 337C75562C179464005EF190;
					};
					337C75702C179465005EF190 = {
						CreatedOnToolsVersion = 15.4;
						TestTargetID = 337C75562C179464005EF190;
					};
				};
			};
			buildConfigurationList = 337C75522C179464005EF190 /* Build configuration list for PBXProject "Pokedex" */;
			compatibilityVersion = "Xcode 14.0";
			developmentRegion = en;
			hasScannedForEncodings = 0;
			knownRegions = (
				en,
				Base,
			);
			mainGroup = 337C754E2C179464005EF190;
			productRefGroup = 337C75582C179464005EF190 /* Products */;
			projectDirPath = "";
			projectRoot = "";
			targets = (
				337C75562C179464005EF190 /* Pokedex */,
				337C75662C179465005EF190 /* PokedexTests */,
				337C75702C179465005EF190 /* PokedexUITests */,
			);
		};
/* End PBXProject section */

/* Begin PBXResourcesBuildPhase section */
		337C75552C179464005EF190 /* Resources */ = {
			isa = PBXResourcesBuildPhase;
			buildActionMask = 2147483647;
			files = (
				337C75622C179465005EF190 /* Preview Assets.xcassets in Resources */,
				337C755F2C179465005EF190 /* Assets.xcassets in Resources */,
			);
			runOnlyForDeploymentPostprocessing = 0;
		};
		337C75652C179465005EF190 /* Resources */ = {
			isa = PBXResourcesBuildPhase;
			buildActionMask = 2147483647;
			files = (
			);
			runOnlyForDeploymentPostprocessing = 0;
		};
		337C756F2C179465005EF190 /* Resources */ = {
			isa = PBXResourcesBuildPhase;
			buildActionMask = 2147483647;
			files = (
			);
			runOnlyForDeploymentPostprocessing = 0;
		};
/* End PBXResourcesBuildPhase section */

/* Begin PBXSourcesBuildPhase section */
		337C75532C179464005EF190 /* Sources */ = {
			isa = PBXSourcesBuildPhase;
			buildActionMask = 2147483647;
			files = (
				337C755B2C179464005EF190 /* PokedexApp.swift in Sources */,
				33434B0D2C1BACBE00BF5BBC /* PokemonStats.swift in Sources */,
				33434B052C1B72ED00BF5BBC /* PokedexList.swift in Sources */,
				33434B022C1A961900BF5BBC /* PokemonDetailView.swift in Sources */,
				33434B032C1A961900BF5BBC /* PokemonRow.swift in Sources */,
				33434AF92C1A95FF00BF5BBC /* PokeAPI.swift in Sources */,
				33434B012C1A961900BF5BBC /* ContentView.swift in Sources */,
				33434B0B2C1BACB800BF5BBC /* PokemonDetails.swift in Sources */,
				33434AFC2C1A960800BF5BBC /* helpers.swift in Sources */,
			);
			runOnlyForDeploymentPostprocessing = 0;
		};
		337C75632C179465005EF190 /* Sources */ = {
			isa = PBXSourcesBuildPhase;
			buildActionMask = 2147483647;
			files = (
				337C756C2C179465005EF190 /* PokedexTests.swift in Sources */,
			);
			runOnlyForDeploymentPostprocessing = 0;
		};
		337C756D2C179465005EF190 /* Sources */ = {
			isa = PBXSourcesBuildPhase;
			buildActionMask = 2147483647;
			files = (
				337C75762C179465005EF190 /* PokedexUITests.swift in Sources */,
				337C75782C179465005EF190 /* PokedexUITestsLaunchTests.swift in Sources */,
			);
			runOnlyForDeploymentPostprocessing = 0;
		};
/* End PBXSourcesBuildPhase section */

/* Begin PBXTargetDependency section */
		337C75692C179465005EF190 /* PBXTargetDependency */ = {
			isa = PBXTargetDependency;
			target = 337C75562C179464005EF190 /* Pokedex */;
			targetProxy = 337C75682C179465005EF190 /* PBXContainerItemProxy */;
		};
		337C75732C179465005EF190 /* PBXTargetDependency */ = {
			isa = PBXTargetDependency;
			target = 337C75562C179464005EF190 /* Pokedex */;
			targetProxy = 337C75722C179465005EF190 /* PBXContainerItemProxy */;
		};
/* End PBXTargetDependency section */

/* Begin XCBuildConfiguration section */
		337C75792C179465005EF190 /* Debug */ = {
			isa = XCBuildConfiguration;
			buildSettings = {
				ALWAYS_SEARCH_USER_PATHS = NO;
				ASSETCATALOG_COMPILER_GENERATE_SWIFT_ASSET_SYMBOL_EXTENSIONS = YES;
				CLANG_ANALYZER_NONNULL = YES;
				CLANG_ANALYZER_NUMBER_OBJECT_CONVERSION = YES_AGGRESSIVE;
				CLANG_CXX_LANGUAGE_STANDARD = "gnu++20";
				CLANG_ENABLE_MODULES = YES;
				CLANG_ENABLE_OBJC_ARC = YES;
				CLANG_ENABLE_OBJC_WEAK = YES;
				CLANG_WARN_BLOCK_CAPTURE_AUTORELEASING = YES;
				CLANG_WARN_BOOL_CONVERSION = YES;
				CLANG_WARN_COMMA = YES;
				CLANG_WARN_CONSTANT_CONVERSION = YES;
				CLANG_WARN_DEPRECATED_OBJC_IMPLEMENTATIONS = YES;
				CLANG_WARN_DIRECT_OBJC_ISA_USAGE = YES_ERROR;
				CLANG_WARN_DOCUMENTATION_COMMENTS = YES;
				CLANG_WARN_EMPTY_BODY = YES;
				CLANG_WARN_ENUM_CONVERSION = YES;
				CLANG_WARN_INFINITE_RECURSION = YES;
				CLANG_WARN_INT_CONVERSION = YES;
				CLANG_WARN_NON_LITERAL_NULL_CONVERSION = YES;
				CLANG_WARN_OBJC_IMPLICIT_RETAIN_SELF = YES;
				CLANG_WARN_OBJC_LITERAL_CONVERSION = YES;
				CLANG_WARN_OBJC_ROOT_CLASS = YES_ERROR;
				CLANG_WARN_QUOTED_INCLUDE_IN_FRAMEWORK_HEADER = YES;
				CLANG_WARN_RANGE_LOOP_ANALYSIS = YES;
				CLANG_WARN_STRICT_PROTOTYPES = YES;
				CLANG_WARN_SUSPICIOUS_MOVE = YES;
				CLANG_WARN_UNGUARDED_AVAILABILITY = YES_AGGRESSIVE;
				CLANG_WARN_UNREACHABLE_CODE = YES;
				CLANG_WARN__DUPLICATE_METHOD_MATCH = YES;
				COPY_PHASE_STRIP = NO;
				DEBUG_INFORMATION_FORMAT = dwarf;
				ENABLE_STRICT_OBJC_MSGSEND = YES;
				ENABLE_TESTABILITY = YES;
				ENABLE_USER_SCRIPT_SANDBOXING = YES;
				GCC_C_LANGUAGE_STANDARD = gnu17;
				GCC_DYNAMIC_NO_PIC = NO;
				GCC_NO_COMMON_BLOCKS = YES;
				GCC_OPTIMIZATION_LEVEL = 0;
				GCC_PREPROCESSOR_DEFINITIONS = (
					"DEBUG=1",
					"$(inherited)",
				);
				GCC_WARN_64_TO_32_BIT_CONVERSION = YES;
				GCC_WARN_ABOUT_RETURN_TYPE = YES_ERROR;
				GCC_WARN_UNDECLARED_SELECTOR = YES;
				GCC_WARN_UNINITIALIZED_AUTOS = YES_AGGRESSIVE;
				GCC_WARN_UNUSED_FUNCTION = YES;
				GCC_WARN_UNUSED_VARIABLE = YES;
				IPHONEOS_DEPLOYMENT_TARGET = 17.5;
				LOCALIZATION_PREFERS_STRING_CATALOGS = YES;
				MTL_ENABLE_DEBUG_INFO = INCLUDE_SOURCE;
				MTL_FAST_MATH = YES;
				ONLY_ACTIVE_ARCH = YES;
				SDKROOT = iphoneos;
				SWIFT_ACTIVE_COMPILATION_CONDITIONS = "DEBUG $(inherited)";
				SWIFT_OPTIMIZATION_LEVEL = "-Onone";
			};
			name = Debug;
		};
		337C757A2C179465005EF190 /* Release */ = {
			isa = XCBuildConfiguration;
			buildSettings = {
				ALWAYS_SEARCH_USER_PATHS = NO;
				ASSETCATALOG_COMPILER_GENERATE_SWIFT_ASSET_SYMBOL_EXTENSIONS = YES;
				CLANG_ANALYZER_NONNULL = YES;
				CLANG_ANALYZER_NUMBER_OBJECT_CONVERSION = YES_AGGRESSIVE;
				CLANG_CXX_LANGUAGE_STANDARD = "gnu++20";
				CLANG_ENABLE_MODULES = YES;
				CLANG_ENABLE_OBJC_ARC = YES;
				CLANG_ENABLE_OBJC_WEAK = YES;
				CLANG_WARN_BLOCK_CAPTURE_AUTORELEASING = YES;
				CLANG_WARN_BOOL_CONVERSION = YES;
				CLANG_WARN_COMMA = YES;
				CLANG_WARN_CONSTANT_CONVERSION = YES;
				CLANG_WARN_DEPRECATED_OBJC_IMPLEMENTATIONS = YES;
				CLANG_WARN_DIRECT_OBJC_ISA_USAGE = YES_ERROR;
				CLANG_WARN_DOCUMENTATION_COMMENTS = YES;
				CLANG_WARN_EMPTY_BODY = YES;
				CLANG_WARN_ENUM_CONVERSION = YES;
				CLANG_WARN_INFINITE_RECURSION = YES;
				CLANG_WARN_INT_CONVERSION = YES;
				CLANG_WARN_NON_LITERAL_NULL_CONVERSION = YES;
				CLANG_WARN_OBJC_IMPLICIT_RETAIN_SELF = YES;
				CLANG_WARN_OBJC_LITERAL_CONVERSION = YES;
				CLANG_WARN_OBJC_ROOT_CLASS = YES_ERROR;
				CLANG_WARN_QUOTED_INCLUDE_IN_FRAMEWORK_HEADER = YES;
				CLANG_WARN_RANGE_LOOP_ANALYSIS = YES;
				CLANG_WARN_STRICT_PROTOTYPES = YES;
				CLANG_WARN_SUSPICIOUS_MOVE = YES;
				CLANG_WARN_UNGUARDED_AVAILABILITY = YES_AGGRESSIVE;
				CLANG_WARN_UNREACHABLE_CODE = YES;
				CLANG_WARN__DUPLICATE_METHOD_MATCH = YES;
				COPY_PHASE_STRIP = NO;
				DEBUG_INFORMATION_FORMAT = "dwarf-with-dsym";
				ENABLE_NS_ASSERTIONS = NO;
				ENABLE_STRICT_OBJC_MSGSEND = YES;
				ENABLE_USER_SCRIPT_SANDBOXING = YES;
				GCC_C_LANGUAGE_STANDARD = gnu17;
				GCC_NO_COMMON_BLOCKS = YES;
				GCC_WARN_64_TO_32_BIT_CONVERSION = YES;
				GCC_WARN_ABOUT_RETURN_TYPE = YES_ERROR;
				GCC_WARN_UNDECLARED_SELECTOR = YES;
				GCC_WARN_UNINITIALIZED_AUTOS = YES_AGGRESSIVE;
				GCC_WARN_UNUSED_FUNCTION = YES;
				GCC_WARN_UNUSED_VARIABLE = YES;
				IPHONEOS_DEPLOYMENT_TARGET = 17.5;
				LOCALIZATION_PREFERS_STRING_CATALOGS = YES;
				MTL_ENABLE_DEBUG_INFO = NO;
				MTL_FAST_MATH = YES;
				SDKROOT = iphoneos;
				SWIFT_COMPILATION_MODE = wholemodule;
				VALIDATE_PRODUCT = YES;
			};
			name = Release;
		};
		337C757C2C179465005EF190 /* Debug */ = {
			isa = XCBuildConfiguration;
			buildSettings = {
				ASSETCATALOG_COMPILER_APPICON_NAME = AppIcon;
				ASSETCATALOG_COMPILER_GLOBAL_ACCENT_COLOR_NAME = AccentColor;
				CODE_SIGN_STYLE = Automatic;
				CURRENT_PROJECT_VERSION = 1;
				DEVELOPMENT_ASSET_PATHS = "\"Pokedex/Preview Content\"";
				ENABLE_PREVIEWS = YES;
				GENERATE_INFOPLIST_FILE = YES;
				INFOPLIST_KEY_UIApplicationSceneManifest_Generation = YES;
				INFOPLIST_KEY_UIApplicationSupportsIndirectInputEvents = YES;
				INFOPLIST_KEY_UILaunchScreen_Generation = YES;
				INFOPLIST_KEY_UISupportedInterfaceOrientations_iPad = "UIInterfaceOrientationPortrait UIInterfaceOrientationPortraitUpsideDown UIInterfaceOrientationLandscapeLeft UIInterfaceOrientationLandscapeRight";
				INFOPLIST_KEY_UISupportedInterfaceOrientations_iPhone = "UIInterfaceOrientationPortrait UIInterfaceOrientationLandscapeLeft UIInterfaceOrientationLandscapeRight";
				LD_RUNPATH_SEARCH_PATHS = (
					"$(inherited)",
					"@executable_path/Frameworks",
				);
				MARKETING_VERSION = 1.0;
				PRODUCT_BUNDLE_IDENTIFIER = com.example.z.Pokedex;
				PRODUCT_NAME = "$(TARGET_NAME)";
				SWIFT_EMIT_LOC_STRINGS = YES;
				SWIFT_VERSION = 5.0;
				TARGETED_DEVICE_FAMILY = "1,2";
			};
			name = Debug;
		};
		337C757D2C179465005EF190 /* Release */ = {
			isa = XCBuildConfiguration;
			buildSettings = {
				ASSETCATALOG_COMPILER_APPICON_NAME = AppIcon;
				ASSETCATALOG_COMPILER_GLOBAL_ACCENT_COLOR_NAME = AccentColor;
				CODE_SIGN_STYLE = Automatic;
				CURRENT_PROJECT_VERSION = 1;
				DEVELOPMENT_ASSET_PATHS = "\"Pokedex/Preview Content\"";
				ENABLE_PREVIEWS = YES;
				GENERATE_INFOPLIST_FILE = YES;
				INFOPLIST_KEY_UIApplicationSceneManifest_Generation = YES;
				INFOPLIST_KEY_UIApplicationSupportsIndirectInputEvents = YES;
				INFOPLIST_KEY_UILaunchScreen_Generation = YES;
				INFOPLIST_KEY_UISupportedInterfaceOrientations_iPad = "UIInterfaceOrientationPortrait UIInterfaceOrientationPortraitUpsideDown UIInterfaceOrientationLandscapeLeft UIInterfaceOrientationLandscapeRight";
				INFOPLIST_KEY_UISupportedInterfaceOrientations_iPhone = "UIInterfaceOrientationPortrait UIInterfaceOrientationLandscapeLeft UIInterfaceOrientationLandscapeRight";
				LD_RUNPATH_SEARCH_PATHS = (
					"$(inherited)",
					"@executable_path/Frameworks",
				);
				MARKETING_VERSION = 1.0;
				PRODUCT_BUNDLE_IDENTIFIER = com.example.z.Pokedex;
				PRODUCT_NAME = "$(TARGET_NAME)";
				SWIFT_EMIT_LOC_STRINGS = YES;
				SWIFT_VERSION = 5.0;
				TARGETED_DEVICE_FAMILY = "1,2";
			};
			name = Release;
		};
		337C757F2C179465005EF190 /* Debug */ = {
			isa = XCBuildConfiguration;
			buildSettings = {
				ALWAYS_EMBED_SWIFT_STANDARD_LIBRARIES = YES;
				BUNDLE_LOADER = "$(TEST_HOST)";
				CODE_SIGN_STYLE = Automatic;
				CURRENT_PROJECT_VERSION = 1;
				GENERATE_INFOPLIST_FILE = YES;
				IPHONEOS_DEPLOYMENT_TARGET = 17.5;
				MARKETING_VERSION = 1.0;
				PRODUCT_BUNDLE_IDENTIFIER = com.example.z.PokedexTests;
				PRODUCT_NAME = "$(TARGET_NAME)";
				SWIFT_EMIT_LOC_STRINGS = NO;
				SWIFT_VERSION = 5.0;
				TARGETED_DEVICE_FAMILY = "1,2";
				TEST_HOST = "$(BUILT_PRODUCTS_DIR)/Pokedex.app/$(BUNDLE_EXECUTABLE_FOLDER_PATH)/Pokedex";
			};
			name = Debug;
		};
		337C75802C179465005EF190 /* Release */ = {
			isa = XCBuildConfiguration;
			buildSettings = {
				ALWAYS_EMBED_SWIFT_STANDARD_LIBRARIES = YES;
				BUNDLE_LOADER = "$(TEST_HOST)";
				CODE_SIGN_STYLE = Automatic;
				CURRENT_PROJECT_VERSION = 1;
				GENERATE_INFOPLIST_FILE = YES;
				IPHONEOS_DEPLOYMENT_TARGET = 17.5;
				MARKETING_VERSION = 1.0;
				PRODUCT_BUNDLE_IDENTIFIER = com.example.z.PokedexTests;
				PRODUCT_NAME = "$(TARGET_NAME)";
				SWIFT_EMIT_LOC_STRINGS = NO;
				SWIFT_VERSION = 5.0;
				TARGETED_DEVICE_FAMILY = "1,2";
				TEST_HOST = "$(BUILT_PRODUCTS_DIR)/Pokedex.app/$(BUNDLE_EXECUTABLE_FOLDER_PATH)/Pokedex";
			};
			name = Release;
		};
		337C75822C179465005EF190 /* Debug */ = {
			isa = XCBuildConfiguration;
			buildSettings = {
				ALWAYS_EMBED_SWIFT_STANDARD_LIBRARIES = YES;
				CODE_SIGN_STYLE = Automatic;
				CURRENT_PROJECT_VERSION = 1;
				GENERATE_INFOPLIST_FILE = YES;
				MARKETING_VERSION = 1.0;
				PRODUCT_BUNDLE_IDENTIFIER = com.example.z.PokedexUITests;
				PRODUCT_NAME = "$(TARGET_NAME)";
				SWIFT_EMIT_LOC_STRINGS = NO;
				SWIFT_VERSION = 5.0;
				TARGETED_DEVICE_FAMILY = "1,2";
				TEST_TARGET_NAME = Pokedex;
			};
			name = Debug;
		};
		337C75832C179465005EF190 /* Release */ = {
			isa = XCBuildConfiguration;
			buildSettings = {
				ALWAYS_EMBED_SWIFT_STANDARD_LIBRARIES = YES;
				CODE_SIGN_STYLE = Automatic;
				CURRENT_PROJECT_VERSION = 1;
				GENERATE_INFOPLIST_FILE = YES;
				MARKETING_VERSION = 1.0;
				PRODUCT_BUNDLE_IDENTIFIER = com.example.z.PokedexUITests;
				PRODUCT_NAME = "$(TARGET_NAME)";
				SWIFT_EMIT_LOC_STRINGS = NO;
				SWIFT_VERSION = 5.0;
				TARGETED_DEVICE_FAMILY = "1,2";
				TEST_TARGET_NAME = Pokedex;
			};
			name = Release;
		};
/* End XCBuildConfiguration section */

/* Begin XCConfigurationList section */
		337C75522C179464005EF190 /* Build configuration list for PBXProject "Pokedex" */ = {
			isa = XCConfigurationList;
			buildConfigurations = (
				337C75792C179465005EF190 /* Debug */,
				337C757A2C179465005EF190 /* Release */,
			);
			defaultConfigurationIsVisible = 0;
			defaultConfigurationName = Release;
		};
		337C757B2C179465005EF190 /* Build configuration list for PBXNativeTarget "Pokedex" */ = {
			isa = XCConfigurationList;
			buildConfigurations = (
				337C757C2C179465005EF190 /* Debug */,
				337C757D2C179465005EF190 /* Release */,
			);
			defaultConfigurationIsVisible = 0;
			defaultConfigurationName = Release;
		};
		337C757E2C179465005EF190 /* Build configuration list for PBXNativeTarget "PokedexTests" */ = {
			isa = XCConfigurationList;
			buildConfigurations = (
				337C757F2C179465005EF190 /* Debug */,
				337C75802C179465005EF190 /* Release */,
			);
			defaultConfigurationIsVisible = 0;
			defaultConfigurationName = Release;
		};
		337C75812C179465005EF190 /* Build configuration list for PBXNativeTarget "PokedexUITests" */ = {
			isa = XCConfigurationList;
			buildConfigurations = (
				337C75822C179465005EF190 /* Debug */,
				337C75832C179465005EF190 /* Release */,
			);
			defaultConfigurationIsVisible = 0;
			defaultConfigurationName = Release;
		};
/* End XCConfigurationList section */
	};
	rootObject = 337C754F2C179464005EF190 /* Project object */;
}
